
Microsoft Visual Studio Solution File, Format Version 12.00
# Visual Studio Version 16
VisualStudioVersion = 16.0.30503.244
MinimumVisualStudioVersion = 10.0.40219.1
Project("{FAE04EC0-301F-11D3-BF4B-00C04F79EFBC}") = "GrpcServer", "GrpcServer\GrpcServer.csproj", "{21829725-72E7-4E00-BBE7-DC66ACF8D5DE}"
EndProject
Project("{FAE04EC0-301F-11D3-BF4B-00C04F79EFBC}") = "GrpcClient", "GrpcClient\GrpcClient.csproj", "{C6C5641F-383D-4650-814A-2EBE27BE59CE}"
EndProject
Global
	GlobalSection(SolutionConfigurationPlatforms) = preSolution
		Debug|Any CPU = Debug|Any CPU
		Release|Any CPU = Release|Any CPU
	EndGlobalSection
	GlobalSection(ProjectConfigurationPlatforms) = postSolution
		{21829725-72E7-4E00-BBE7-DC66ACF8D5DE}.Debug|Any CPU.ActiveCfg = Debug|Any CPU
		{21829725-72E7-4E00-BBE7-DC66ACF8D5DE}.Debug|Any CPU.Build.0 = Debug|Any CPU
		{21829725-72E7-4E00-BBE7-DC66ACF8D5DE}.Release|Any CPU.ActiveCfg = Release|Any CPU
		{21829725-72E7-4E00-BBE7-DC66ACF8D5DE}.Release|Any CPU.Build.0 = Release|Any CPU
		{C6C5641F-383D-4650-814A-2EBE27BE59CE}.Debug|Any CPU.ActiveCfg = Debug|Any CPU
		{C6C5641F-383D-4650-814A-2EBE27BE59CE}.Debug|Any CPU.Build.0 = Debug|Any CPU
		{C6C5641F-383D-4650-814A-2EBE27BE59CE}.Release|Any CPU.ActiveCfg = Release|Any CPU
		{C6C5641F-383D-4650-814A-2EBE27BE59CE}.Release|Any CPU.Build.0 = Release|Any CPU
	EndGlobalSection
	GlobalSection(SolutionProperties) = preSolution
		HideSolutionNode = FALSE
	EndGlobalSection
	GlobalSection(ExtensibilityGlobals) = postSolution
		SolutionGuid = {1D7BBF34-E938-40C2-BF31-66B59B1FF34F}
	EndGlobalSection
EndGlobal
